
Microsoft Visual Studio Solution File, Format Version 12.00
# Visual Studio 2013
VisualStudioVersion = 12.0.30501.0
MinimumVisualStudioVersion = 10.0.40219.1
Project("{FAE04EC0-301F-11D3-BF4B-00C04F79EFBC}") = "Movies", "Movies\Movies\Movies.csproj", "{C47B9802-4D17-4BDA-A2D0-C6C555D1B496}"
EndProject
Project("{FAE04EC0-301F-11D3-BF4B-00C04F79EFBC}") = "Movies.Android", "Movies\Movies.Android\Movies.Android.csproj", "{8C028968-7032-40C8-93DF-B3985E58C892}"
EndProject
Project("{FAE04EC0-301F-11D3-BF4B-00C04F79EFBC}") = "Movies.iOS", "Movies\Movies.iOS\Movies.iOS.csproj", "{82C953F1-138A-478F-A558-424804DEA843}"
EndProject
Project("{FAE04EC0-301F-11D3-BF4B-00C04F79EFBC}") = "Movies.WinPhone", "Movies\Movies.WinPhone\Movies.WinPhone.csproj", "{1EA8E847-1D37-4217-8F2B-1A899159443E}"
EndProject
Global
	GlobalSection(SolutionConfigurationPlatforms) = preSolution
		Ad-Hoc|Android = Ad-Hoc|Android
		Ad-Hoc|Any CPU = Ad-Hoc|Any CPU
		Ad-Hoc|ARM = Ad-Hoc|ARM
		Ad-Hoc|iPhone = Ad-Hoc|iPhone
		Ad-Hoc|iPhoneSimulator = Ad-Hoc|iPhoneSimulator
		Ad-Hoc|Mixed Platforms = Ad-Hoc|Mixed Platforms
		Ad-Hoc|Windows Phone = Ad-Hoc|Windows Phone
		Ad-Hoc|x86 = Ad-Hoc|x86
		AppStore|Android = AppStore|Android
		AppStore|Any CPU = AppStore|Any CPU
		AppStore|ARM = AppStore|ARM
		AppStore|iPhone = AppStore|iPhone
		AppStore|iPhoneSimulator = AppStore|iPhoneSimulator
		AppStore|Mixed Platforms = AppStore|Mixed Platforms
		AppStore|Windows Phone = AppStore|Windows Phone
		AppStore|x86 = AppStore|x86
		Debug|Android = Debug|Android
		Debug|Any CPU = Debug|Any CPU
		Debug|ARM = Debug|ARM
		Debug|iPhone = Debug|iPhone
		Debug|iPhoneSimulator = Debug|iPhoneSimulator
		Debug|Mixed Platforms = Debug|Mixed Platforms
		Debug|Windows Phone = Debug|Windows Phone
		Debug|x86 = Debug|x86
		Release|Android = Release|Android
		Release|Any CPU = Release|Any CPU
		Release|ARM = Release|ARM
		Release|iPhone = Release|iPhone
		Release|iPhoneSimulator = Release|iPhoneSimulator
		Release|Mixed Platforms = Release|Mixed Platforms
		Release|Windows Phone = Release|Windows Phone
		Release|x86 = Release|x86
	EndGlobalSection
	GlobalSection(ProjectConfigurationPlatforms) = postSolution
		{C47B9802-4D17-4BDA-A2D0-C6C555D1B496}.Ad-Hoc|Android.ActiveCfg = Release|Any CPU
		{C47B9802-4D17-4BDA-A2D0-C6C555D1B496}.Ad-Hoc|Android.Build.0 = Release|Any CPU
		{C47B9802-4D17-4BDA-A2D0-C6C555D1B496}.Ad-Hoc|Any CPU.ActiveCfg = Release|Any CPU
		{C47B9802-4D17-4BDA-A2D0-C6C555D1B496}.Ad-Hoc|Any CPU.Build.0 = Release|Any CPU
		{C47B9802-4D17-4BDA-A2D0-C6C555D1B496}.Ad-Hoc|ARM.ActiveCfg = Release|Any CPU
		{C47B9802-4D17-4BDA-A2D0-C6C555D1B496}.Ad-Hoc|iPhone.ActiveCfg = Release|Any CPU
		{C47B9802-4D17-4BDA-A2D0-C6C555D1B496}.Ad-Hoc|iPhoneSimulator.ActiveCfg = Release|Any CPU
		{C47B9802-4D17-4BDA-A2D0-C6C555D1B496}.Ad-Hoc|Mixed Platforms.ActiveCfg = Release|Any CPU
		{C47B9802-4D17-4BDA-A2D0-C6C555D1B496}.Ad-Hoc|Mixed Platforms.Build.0 = Release|Any CPU
		{C47B9802-4D17-4BDA-A2D0-C6C555D1B496}.Ad-Hoc|Windows Phone.ActiveCfg = Release|Any CPU
		{C47B9802-4D17-4BDA-A2D0-C6C555D1B496}.Ad-Hoc|Windows Phone.Build.0 = Release|Any CPU
		{C47B9802-4D17-4BDA-A2D0-C6C555D1B496}.Ad-Hoc|x86.ActiveCfg = Release|Any CPU
		{C47B9802-4D17-4BDA-A2D0-C6C555D1B496}.AppStore|Android.ActiveCfg = Release|Any CPU
		{C47B9802-4D17-4BDA-A2D0-C6C555D1B496}.AppStore|Android.Build.0 = Release|Any CPU
		{C47B9802-4D17-4BDA-A2D0-C6C555D1B496}.AppStore|Any CPU.ActiveCfg = Release|Any CPU
		{C47B9802-4D17-4BDA-A2D0-C6C555D1B496}.AppStore|Any CPU.Build.0 = Release|Any CPU
		{C47B9802-4D17-4BDA-A2D0-C6C555D1B496}.AppStore|ARM.ActiveCfg = Release|Any CPU
		{C47B9802-4D17-4BDA-A2D0-C6C555D1B496}.AppStore|iPhone.ActiveCfg = Release|Any CPU
		{C47B9802-4D17-4BDA-A2D0-C6C555D1B496}.AppStore|iPhoneSimulator.ActiveCfg = Release|Any CPU
		{C47B9802-4D17-4BDA-A2D0-C6C555D1B496}.AppStore|Mixed Platforms.ActiveCfg = Release|Any CPU
		{C47B9802-4D17-4BDA-A2D0-C6C555D1B496}.AppStore|Mixed Platforms.Build.0 = Release|Any CPU
		{C47B9802-4D17-4BDA-A2D0-C6C555D1B496}.AppStore|Windows Phone.ActiveCfg = Release|Any CPU
		{C47B9802-4D17-4BDA-A2D0-C6C555D1B496}.AppStore|Windows Phone.Build.0 = Release|Any CPU
		{C47B9802-4D17-4BDA-A2D0-C6C555D1B496}.AppStore|x86.ActiveCfg = Release|Any CPU
		{C47B9802-4D17-4BDA-A2D0-C6C555D1B496}.Debug|Android.ActiveCfg = Debug|Any CPU
		{C47B9802-4D17-4BDA-A2D0-C6C555D1B496}.Debug|Android.Build.0 = Debug|Any CPU
		{C47B9802-4D17-4BDA-A2D0-C6C555D1B496}.Debug|Any CPU.ActiveCfg = Debug|Any CPU
		{C47B9802-4D17-4BDA-A2D0-C6C555D1B496}.Debug|Any CPU.Build.0 = Debug|Any CPU
		{C47B9802-4D17-4BDA-A2D0-C6C555D1B496}.Debug|ARM.ActiveCfg = Debug|Any CPU
		{C47B9802-4D17-4BDA-A2D0-C6C555D1B496}.Debug|iPhone.ActiveCfg = Debug|Any CPU
		{C47B9802-4D17-4BDA-A2D0-C6C555D1B496}.Debug|iPhoneSimulator.ActiveCfg = Debug|Any CPU
		{C47B9802-4D17-4BDA-A2D0-C6C555D1B496}.Debug|iPhoneSimulator.Build.0 = Debug|Any CPU
		{C47B9802-4D17-4BDA-A2D0-C6C555D1B496}.Debug|Mixed Platforms.ActiveCfg = Debug|Any CPU
		{C47B9802-4D17-4BDA-A2D0-C6C555D1B496}.Debug|Mixed Platforms.Build.0 = Debug|Any CPU
		{C47B9802-4D17-4BDA-A2D0-C6C555D1B496}.Debug|Windows Phone.ActiveCfg = Debug|Any CPU
		{C47B9802-4D17-4BDA-A2D0-C6C555D1B496}.Debug|Windows Phone.Build.0 = Debug|Any CPU
		{C47B9802-4D17-4BDA-A2D0-C6C555D1B496}.Debug|x86.ActiveCfg = Debug|Any CPU
		{C47B9802-4D17-4BDA-A2D0-C6C555D1B496}.Release|Android.ActiveCfg = Release|Any CPU
		{C47B9802-4D17-4BDA-A2D0-C6C555D1B496}.Release|Android.Build.0 = Release|Any CPU
		{C47B9802-4D17-4BDA-A2D0-C6C555D1B496}.Release|Any CPU.ActiveCfg = Release|Any CPU
		{C47B9802-4D17-4BDA-A2D0-C6C555D1B496}.Release|Any CPU.Build.0 = Release|Any CPU
		{C47B9802-4D17-4BDA-A2D0-C6C555D1B496}.Release|ARM.ActiveCfg = Release|Any CPU
		{C47B9802-4D17-4BDA-A2D0-C6C555D1B496}.Release|iPhone.ActiveCfg = Release|Any CPU
		{C47B9802-4D17-4BDA-A2D0-C6C555D1B496}.Release|iPhoneSimulator.ActiveCfg = Release|Any CPU
		{C47B9802-4D17-4BDA-A2D0-C6C555D1B496}.Release|Mixed Platforms.ActiveCfg = Release|Any CPU
		{C47B9802-4D17-4BDA-A2D0-C6C555D1B496}.Release|Mixed Platforms.Build.0 = Release|Any CPU
		{C47B9802-4D17-4BDA-A2D0-C6C555D1B496}.Release|Windows Phone.ActiveCfg = Release|Any CPU
		{C47B9802-4D17-4BDA-A2D0-C6C555D1B496}.Release|Windows Phone.Build.0 = Release|Any CPU
		{C47B9802-4D17-4BDA-A2D0-C6C555D1B496}.Release|x86.ActiveCfg = Release|Any CPU
		{8C028968-7032-40C8-93DF-B3985E58C892}.Ad-Hoc|Android.ActiveCfg = Release|Any CPU
		{8C028968-7032-40C8-93DF-B3985E58C892}.Ad-Hoc|Android.Build.0 = Release|Any CPU
		{8C028968-7032-40C8-93DF-B3985E58C892}.Ad-Hoc|Android.Deploy.0 = Release|Any CPU
		{8C028968-7032-40C8-93DF-B3985E58C892}.Ad-Hoc|Any CPU.ActiveCfg = Release|Any CPU
		{8C028968-7032-40C8-93DF-B3985E58C892}.Ad-Hoc|Any CPU.Build.0 = Release|Any CPU
		{8C028968-7032-40C8-93DF-B3985E58C892}.Ad-Hoc|Any CPU.Deploy.0 = Release|Any CPU
		{8C028968-7032-40C8-93DF-B3985E58C892}.Ad-Hoc|ARM.ActiveCfg = Release|Any CPU
		{8C028968-7032-40C8-93DF-B3985E58C892}.Ad-Hoc|iPhone.ActiveCfg = Release|Any CPU
		{8C028968-7032-40C8-93DF-B3985E58C892}.Ad-Hoc|iPhoneSimulator.ActiveCfg = Release|Any CPU
		{8C028968-7032-40C8-93DF-B3985E58C892}.Ad-Hoc|Mixed Platforms.ActiveCfg = Release|Any CPU
		{8C028968-7032-40C8-93DF-B3985E58C892}.Ad-Hoc|Mixed Platforms.Build.0 = Release|Any CPU
		{8C028968-7032-40C8-93DF-B3985E58C892}.Ad-Hoc|Mixed Platforms.Deploy.0 = Release|Any CPU
		{8C028968-7032-40C8-93DF-B3985E58C892}.Ad-Hoc|Windows Phone.ActiveCfg = Release|Any CPU
		{8C028968-7032-40C8-93DF-B3985E58C892}.Ad-Hoc|Windows Phone.Build.0 = Release|Any CPU
		{8C028968-7032-40C8-93DF-B3985E58C892}.Ad-Hoc|Windows Phone.Deploy.0 = Release|Any CPU
		{8C028968-7032-40C8-93DF-B3985E58C892}.Ad-Hoc|x86.ActiveCfg = Release|Any CPU
		{8C028968-7032-40C8-93DF-B3985E58C892}.AppStore|Android.ActiveCfg = Release|Any CPU
		{8C028968-7032-40C8-93DF-B3985E58C892}.AppStore|Android.Build.0 = Release|Any CPU
		{8C028968-7032-40C8-93DF-B3985E58C892}.AppStore|Android.Deploy.0 = Release|Any CPU
		{8C028968-7032-40C8-93DF-B3985E58C892}.AppStore|Any CPU.ActiveCfg = Release|Any CPU
		{8C028968-7032-40C8-93DF-B3985E58C892}.AppStore|Any CPU.Build.0 = Release|Any CPU
		{8C028968-7032-40C8-93DF-B3985E58C892}.AppStore|Any CPU.Deploy.0 = Release|Any CPU
		{8C028968-7032-40C8-93DF-B3985E58C892}.AppStore|ARM.ActiveCfg = Release|Any CPU
		{8C028968-7032-40C8-93DF-B3985E58C892}.AppStore|iPhone.ActiveCfg = Release|Any CPU
		{8C028968-7032-40C8-93DF-B3985E58C892}.AppStore|iPhoneSimulator.ActiveCfg = Release|Any CPU
		{8C028968-7032-40C8-93DF-B3985E58C892}.AppStore|Mixed Platforms.ActiveCfg = Release|Any CPU
		{8C028968-7032-40C8-93DF-B3985E58C892}.AppStore|Mixed Platforms.Build.0 = Release|Any CPU
		{8C028968-7032-40C8-93DF-B3985E58C892}.AppStore|Mixed Platforms.Deploy.0 = Release|Any CPU
		{8C028968-7032-40C8-93DF-B3985E58C892}.AppStore|Windows Phone.ActiveCfg = Release|Any CPU
		{8C028968-7032-40C8-93DF-B3985E58C892}.AppStore|Windows Phone.Build.0 = Release|Any CPU
		{8C028968-7032-40C8-93DF-B3985E58C892}.AppStore|Windows Phone.Deploy.0 = Release|Any CPU
		{8C028968-7032-40C8-93DF-B3985E58C892}.AppStore|x86.ActiveCfg = Release|Any CPU
		{8C028968-7032-40C8-93DF-B3985E58C892}.Debug|Android.ActiveCfg = Debug|Any CPU
		{8C028968-7032-40C8-93DF-B3985E58C892}.Debug|Android.Build.0 = Debug|Any CPU
		{8C028968-7032-40C8-93DF-B3985E58C892}.Debug|Android.Deploy.0 = Debug|Any CPU
		{8C028968-7032-40C8-93DF-B3985E58C892}.Debug|Any CPU.ActiveCfg = Debug|Any CPU
		{8C028968-7032-40C8-93DF-B3985E58C892}.Debug|Any CPU.Build.0 = Debug|Any CPU
		{8C028968-7032-40C8-93DF-B3985E58C892}.Debug|Any CPU.Deploy.0 = Debug|Any CPU
		{8C028968-7032-40C8-93DF-B3985E58C892}.Debug|ARM.ActiveCfg = Debug|Any CPU
		{8C028968-7032-40C8-93DF-B3985E58C892}.Debug|iPhone.ActiveCfg = Debug|Any CPU
		{8C028968-7032-40C8-93DF-B3985E58C892}.Debug|iPhoneSimulator.ActiveCfg = Debug|Any CPU
		{8C028968-7032-40C8-93DF-B3985E58C892}.Debug|Mixed Platforms.ActiveCfg = Debug|Any CPU
		{8C028968-7032-40C8-93DF-B3985E58C892}.Debug|Mixed Platforms.Build.0 = Debug|Any CPU
		{8C028968-7032-40C8-93DF-B3985E58C892}.Debug|Mixed Platforms.Deploy.0 = Debug|Any CPU
		{8C028968-7032-40C8-93DF-B3985E58C892}.Debug|Windows Phone.ActiveCfg = Debug|Any CPU
		{8C028968-7032-40C8-93DF-B3985E58C892}.Debug|x86.ActiveCfg = Debug|Any CPU
		{8C028968-7032-40C8-93DF-B3985E58C892}.Release|Android.ActiveCfg = Release|Any CPU
		{8C028968-7032-40C8-93DF-B3985E58C892}.Release|Android.Build.0 = Release|Any CPU
		{8C028968-7032-40C8-93DF-B3985E58C892}.Release|Android.Deploy.0 = Release|Any CPU
		{8C028968-7032-40C8-93DF-B3985E58C892}.Release|Any CPU.ActiveCfg = Release|Any CPU
		{8C028968-7032-40C8-93DF-B3985E58C892}.Release|Any CPU.Build.0 = Release|Any CPU
		{8C028968-7032-40C8-93DF-B3985E58C892}.Release|Any CPU.Deploy.0 = Release|Any CPU
		{8C028968-7032-40C8-93DF-B3985E58C892}.Release|ARM.ActiveCfg = Release|Any CPU
		{8C028968-7032-40C8-93DF-B3985E58C892}.Release|iPhone.ActiveCfg = Release|Any CPU
		{8C028968-7032-40C8-93DF-B3985E58C892}.Release|iPhoneSimulator.ActiveCfg = Release|Any CPU
		{8C028968-7032-40C8-93DF-B3985E58C892}.Release|Mixed Platforms.ActiveCfg = Release|Any CPU
		{8C028968-7032-40C8-93DF-B3985E58C892}.Release|Mixed Platforms.Build.0 = Release|Any CPU
		{8C028968-7032-40C8-93DF-B3985E58C892}.Release|Mixed Platforms.Deploy.0 = Release|Any CPU
		{8C028968-7032-40C8-93DF-B3985E58C892}.Release|Windows Phone.ActiveCfg = Release|Any CPU
		{8C028968-7032-40C8-93DF-B3985E58C892}.Release|Windows Phone.Build.0 = Release|Any CPU
		{8C028968-7032-40C8-93DF-B3985E58C892}.Release|Windows Phone.Deploy.0 = Release|Any CPU
		{8C028968-7032-40C8-93DF-B3985E58C892}.Release|x86.ActiveCfg = Release|Any CPU
		{82C953F1-138A-478F-A558-424804DEA843}.Ad-Hoc|Android.ActiveCfg = Ad-Hoc|iPhone
		{82C953F1-138A-478F-A558-424804DEA843}.Ad-Hoc|Android.Build.0 = Ad-Hoc|iPhone
		{82C953F1-138A-478F-A558-424804DEA843}.Ad-Hoc|Android.Deploy.0 = Ad-Hoc|iPhone
		{82C953F1-138A-478F-A558-424804DEA843}.Ad-Hoc|Any CPU.ActiveCfg = Ad-Hoc|iPhone
		{82C953F1-138A-478F-A558-424804DEA843}.Ad-Hoc|ARM.ActiveCfg = Ad-Hoc|iPhone
		{82C953F1-138A-478F-A558-424804DEA843}.Ad-Hoc|iPhone.ActiveCfg = Ad-Hoc|iPhone
		{82C953F1-138A-478F-A558-424804DEA843}.Ad-Hoc|iPhone.Build.0 = Ad-Hoc|iPhone
		{82C953F1-138A-478F-A558-424804DEA843}.Ad-Hoc|iPhone.Deploy.0 = Ad-Hoc|iPhone
		{82C953F1-138A-478F-A558-424804DEA843}.Ad-Hoc|iPhoneSimulator.ActiveCfg = Ad-Hoc|iPhoneSimulator
		{82C953F1-138A-478F-A558-424804DEA843}.Ad-Hoc|iPhoneSimulator.Build.0 = Ad-Hoc|iPhoneSimulator
		{82C953F1-138A-478F-A558-424804DEA843}.Ad-Hoc|iPhoneSimulator.Deploy.0 = Ad-Hoc|iPhoneSimulator
		{82C953F1-138A-478F-A558-424804DEA843}.Ad-Hoc|Mixed Platforms.ActiveCfg = Ad-Hoc|iPhone
		{82C953F1-138A-478F-A558-424804DEA843}.Ad-Hoc|Mixed Platforms.Build.0 = Ad-Hoc|iPhone
		{82C953F1-138A-478F-A558-424804DEA843}.Ad-Hoc|Mixed Platforms.Deploy.0 = Ad-Hoc|iPhone
		{82C953F1-138A-478F-A558-424804DEA843}.Ad-Hoc|Windows Phone.ActiveCfg = Ad-Hoc|iPhone
		{82C953F1-138A-478F-A558-424804DEA843}.Ad-Hoc|Windows Phone.Build.0 = Ad-Hoc|iPhone
		{82C953F1-138A-478F-A558-424804DEA843}.Ad-Hoc|Windows Phone.Deploy.0 = Ad-Hoc|iPhone
		{82C953F1-138A-478F-A558-424804DEA843}.Ad-Hoc|x86.ActiveCfg = Ad-Hoc|iPhone
		{82C953F1-138A-478F-A558-424804DEA843}.AppStore|Android.ActiveCfg = AppStore|iPhone
		{82C953F1-138A-478F-A558-424804DEA843}.AppStore|Android.Build.0 = AppStore|iPhone
		{82C953F1-138A-478F-A558-424804DEA843}.AppStore|Android.Deploy.0 = AppStore|iPhone
		{82C953F1-138A-478F-A558-424804DEA843}.AppStore|Any CPU.ActiveCfg = AppStore|iPhone
		{82C953F1-138A-478F-A558-424804DEA843}.AppStore|ARM.ActiveCfg = AppStore|iPhone
		{82C953F1-138A-478F-A558-424804DEA843}.AppStore|iPhone.ActiveCfg = AppStore|iPhone
		{82C953F1-138A-478F-A558-424804DEA843}.AppStore|iPhone.Build.0 = AppStore|iPhone
		{82C953F1-138A-478F-A558-424804DEA843}.AppStore|iPhone.Deploy.0 = AppStore|iPhone
		{82C953F1-138A-478F-A558-424804DEA843}.AppStore|iPhoneSimulator.ActiveCfg = AppStore|iPhoneSimulator
		{82C953F1-138A-478F-A558-424804DEA843}.AppStore|iPhoneSimulator.Build.0 = AppStore|iPhoneSimulator
		{82C953F1-138A-478F-A558-424804DEA843}.AppStore|iPhoneSimulator.Deploy.0 = AppStore|iPhoneSimulator
		{82C953F1-138A-478F-A558-424804DEA843}.AppStore|Mixed Platforms.ActiveCfg = AppStore|iPhone
		{82C953F1-138A-478F-A558-424804DEA843}.AppStore|Mixed Platforms.Build.0 = AppStore|iPhone
		{82C953F1-138A-478F-A558-424804DEA843}.AppStore|Mixed Platforms.Deploy.0 = AppStore|iPhone
		{82C953F1-138A-478F-A558-424804DEA843}.AppStore|Windows Phone.ActiveCfg = AppStore|iPhone
		{82C953F1-138A-478F-A558-424804DEA843}.AppStore|Windows Phone.Build.0 = AppStore|iPhone
		{82C953F1-138A-478F-A558-424804DEA843}.AppStore|Windows Phone.Deploy.0 = AppStore|iPhone
		{82C953F1-138A-478F-A558-424804DEA843}.AppStore|x86.ActiveCfg = AppStore|iPhone
		{82C953F1-138A-478F-A558-424804DEA843}.Debug|Android.ActiveCfg = Debug|iPhone
		{82C953F1-138A-478F-A558-424804DEA843}.Debug|Android.Deploy.0 = Debug|iPhone
		{82C953F1-138A-478F-A558-424804DEA843}.Debug|Any CPU.ActiveCfg = Debug|iPhone
		{82C953F1-138A-478F-A558-424804DEA843}.Debug|ARM.ActiveCfg = Debug|iPhone
		{82C953F1-138A-478F-A558-424804DEA843}.Debug|iPhone.ActiveCfg = Debug|iPhone
		{82C953F1-138A-478F-A558-424804DEA843}.Debug|iPhone.Build.0 = Debug|iPhone
		{82C953F1-138A-478F-A558-424804DEA843}.Debug|iPhone.Deploy.0 = Debug|iPhone
		{82C953F1-138A-478F-A558-424804DEA843}.Debug|iPhoneSimulator.ActiveCfg = Debug|iPhoneSimulator
		{82C953F1-138A-478F-A558-424804DEA843}.Debug|iPhoneSimulator.Build.0 = Debug|iPhoneSimulator
		{82C953F1-138A-478F-A558-424804DEA843}.Debug|iPhoneSimulator.Deploy.0 = Debug|iPhoneSimulator
		{82C953F1-138A-478F-A558-424804DEA843}.Debug|Mixed Platforms.ActiveCfg = Debug|iPhone
		{82C953F1-138A-478F-A558-424804DEA843}.Debug|Mixed Platforms.Build.0 = Debug|iPhone
		{82C953F1-138A-478F-A558-424804DEA843}.Debug|Mixed Platforms.Deploy.0 = Debug|iPhone
		{82C953F1-138A-478F-A558-424804DEA843}.Debug|Windows Phone.ActiveCfg = Debug|iPhone
		{82C953F1-138A-478F-A558-424804DEA843}.Debug|Windows Phone.Deploy.0 = Debug|iPhone
		{82C953F1-138A-478F-A558-424804DEA843}.Debug|x86.ActiveCfg = Debug|iPhone
		{82C953F1-138A-478F-A558-424804DEA843}.Release|Android.ActiveCfg = Release|iPhone
		{82C953F1-138A-478F-A558-424804DEA843}.Release|Android.Build.0 = Release|iPhone
		{82C953F1-138A-478F-A558-424804DEA843}.Release|Android.Deploy.0 = Release|iPhone
		{82C953F1-138A-478F-A558-424804DEA843}.Release|Any CPU.ActiveCfg = Release|iPhone
		{82C953F1-138A-478F-A558-424804DEA843}.Release|ARM.ActiveCfg = Release|iPhone
		{82C953F1-138A-478F-A558-424804DEA843}.Release|iPhone.ActiveCfg = Release|iPhone
		{82C953F1-138A-478F-A558-424804DEA843}.Release|iPhone.Build.0 = Release|iPhone
		{82C953F1-138A-478F-A558-424804DEA843}.Release|iPhone.Deploy.0 = Release|iPhone
		{82C953F1-138A-478F-A558-424804DEA843}.Release|iPhoneSimulator.ActiveCfg = Release|iPhoneSimulator
		{82C953F1-138A-478F-A558-424804DEA843}.Release|iPhoneSimulator.Build.0 = Release|iPhoneSimulator
		{82C953F1-138A-478F-A558-424804DEA843}.Release|iPhoneSimulator.Deploy.0 = Release|iPhoneSimulator
		{82C953F1-138A-478F-A558-424804DEA843}.Release|Mixed Platforms.ActiveCfg = Release|iPhone
		{82C953F1-138A-478F-A558-424804DEA843}.Release|Mixed Platforms.Build.0 = Release|iPhone
		{82C953F1-138A-478F-A558-424804DEA843}.Release|Mixed Platforms.Deploy.0 = Release|iPhone
		{82C953F1-138A-478F-A558-424804DEA843}.Release|Windows Phone.ActiveCfg = Release|iPhone
		{82C953F1-138A-478F-A558-424804DEA843}.Release|Windows Phone.Build.0 = Release|iPhone
		{82C953F1-138A-478F-A558-424804DEA843}.Release|Windows Phone.Deploy.0 = Release|iPhone
		{82C953F1-138A-478F-A558-424804DEA843}.Release|x86.ActiveCfg = Release|iPhone
		{1EA8E847-1D37-4217-8F2B-1A899159443E}.Ad-Hoc|Android.ActiveCfg = Release|x86
		{1EA8E847-1D37-4217-8F2B-1A899159443E}.Ad-Hoc|Android.Build.0 = Release|x86
		{1EA8E847-1D37-4217-8F2B-1A899159443E}.Ad-Hoc|Android.Deploy.0 = Release|x86
		{1EA8E847-1D37-4217-8F2B-1A899159443E}.Ad-Hoc|Any CPU.ActiveCfg = Release|Any CPU
		{1EA8E847-1D37-4217-8F2B-1A899159443E}.Ad-Hoc|Any CPU.Build.0 = Release|Any CPU
		{1EA8E847-1D37-4217-8F2B-1A899159443E}.Ad-Hoc|Any CPU.Deploy.0 = Release|Any CPU
		{1EA8E847-1D37-4217-8F2B-1A899159443E}.Ad-Hoc|ARM.ActiveCfg = Release|ARM
		{1EA8E847-1D37-4217-8F2B-1A899159443E}.Ad-Hoc|ARM.Build.0 = Release|ARM
		{1EA8E847-1D37-4217-8F2B-1A899159443E}.Ad-Hoc|ARM.Deploy.0 = Release|ARM
		{1EA8E847-1D37-4217-8F2B-1A899159443E}.Ad-Hoc|iPhone.ActiveCfg = Release|Any CPU
		{1EA8E847-1D37-4217-8F2B-1A899159443E}.Ad-Hoc|iPhoneSimulator.ActiveCfg = Release|Any CPU
		{1EA8E847-1D37-4217-8F2B-1A899159443E}.Ad-Hoc|Mixed Platforms.ActiveCfg = Release|x86
		{1EA8E847-1D37-4217-8F2B-1A899159443E}.Ad-Hoc|Mixed Platforms.Build.0 = Release|x86
		{1EA8E847-1D37-4217-8F2B-1A899159443E}.Ad-Hoc|Mixed Platforms.Deploy.0 = Release|x86
		{1EA8E847-1D37-4217-8F2B-1A899159443E}.Ad-Hoc|Windows Phone.ActiveCfg = Release|x86
		{1EA8E847-1D37-4217-8F2B-1A899159443E}.Ad-Hoc|Windows Phone.Build.0 = Release|x86
		{1EA8E847-1D37-4217-8F2B-1A899159443E}.Ad-Hoc|Windows Phone.Deploy.0 = Release|x86
		{1EA8E847-1D37-4217-8F2B-1A899159443E}.Ad-Hoc|x86.ActiveCfg = Release|x86
		{1EA8E847-1D37-4217-8F2B-1A899159443E}.Ad-Hoc|x86.Build.0 = Release|x86
		{1EA8E847-1D37-4217-8F2B-1A899159443E}.Ad-Hoc|x86.Deploy.0 = Release|x86
		{1EA8E847-1D37-4217-8F2B-1A899159443E}.AppStore|Android.ActiveCfg = Release|x86
		{1EA8E847-1D37-4217-8F2B-1A899159443E}.AppStore|Android.Build.0 = Release|x86
		{1EA8E847-1D37-4217-8F2B-1A899159443E}.AppStore|Android.Deploy.0 = Release|x86
		{1EA8E847-1D37-4217-8F2B-1A899159443E}.AppStore|Any CPU.ActiveCfg = Release|Any CPU
		{1EA8E847-1D37-4217-8F2B-1A899159443E}.AppStore|Any CPU.Build.0 = Release|Any CPU
		{1EA8E847-1D37-4217-8F2B-1A899159443E}.AppStore|Any CPU.Deploy.0 = Release|Any CPU
		{1EA8E847-1D37-4217-8F2B-1A899159443E}.AppStore|ARM.ActiveCfg = Release|ARM
		{1EA8E847-1D37-4217-8F2B-1A899159443E}.AppStore|ARM.Build.0 = Release|ARM
		{1EA8E847-1D37-4217-8F2B-1A899159443E}.AppStore|ARM.Deploy.0 = Release|ARM
		{1EA8E847-1D37-4217-8F2B-1A899159443E}.AppStore|iPhone.ActiveCfg = Release|Any CPU
		{1EA8E847-1D37-4217-8F2B-1A899159443E}.AppStore|iPhoneSimulator.ActiveCfg = Release|Any CPU
		{1EA8E847-1D37-4217-8F2B-1A899159443E}.AppStore|Mixed Platforms.ActiveCfg = Release|x86
		{1EA8E847-1D37-4217-8F2B-1A899159443E}.AppStore|Mixed Platforms.Build.0 = Release|x86
		{1EA8E847-1D37-4217-8F2B-1A899159443E}.AppStore|Mixed Platforms.Deploy.0 = Release|x86
		{1EA8E847-1D37-4217-8F2B-1A899159443E}.AppStore|Windows Phone.ActiveCfg = Release|x86
		{1EA8E847-1D37-4217-8F2B-1A899159443E}.AppStore|Windows Phone.Build.0 = Release|x86
		{1EA8E847-1D37-4217-8F2B-1A899159443E}.AppStore|Windows Phone.Deploy.0 = Release|x86
		{1EA8E847-1D37-4217-8F2B-1A899159443E}.AppStore|x86.ActiveCfg = Release|x86
		{1EA8E847-1D37-4217-8F2B-1A899159443E}.AppStore|x86.Build.0 = Release|x86
		{1EA8E847-1D37-4217-8F2B-1A899159443E}.AppStore|x86.Deploy.0 = Release|x86
		{1EA8E847-1D37-4217-8F2B-1A899159443E}.Debug|Android.ActiveCfg = Debug|x86
		{1EA8E847-1D37-4217-8F2B-1A899159443E}.Debug|Any CPU.ActiveCfg = Debug|Any CPU
		{1EA8E847-1D37-4217-8F2B-1A899159443E}.Debug|Any CPU.Build.0 = Debug|Any CPU
		{1EA8E847-1D37-4217-8F2B-1A899159443E}.Debug|Any CPU.Deploy.0 = Debug|Any CPU
		{1EA8E847-1D37-4217-8F2B-1A899159443E}.Debug|ARM.ActiveCfg = Debug|ARM
		{1EA8E847-1D37-4217-8F2B-1A899159443E}.Debug|ARM.Build.0 = Debug|ARM
		{1EA8E847-1D37-4217-8F2B-1A899159443E}.Debug|ARM.Deploy.0 = Debug|ARM
		{1EA8E847-1D37-4217-8F2B-1A899159443E}.Debug|iPhone.ActiveCfg = Debug|Any CPU
		{1EA8E847-1D37-4217-8F2B-1A899159443E}.Debug|iPhoneSimulator.ActiveCfg = Debug|Any CPU
		{1EA8E847-1D37-4217-8F2B-1A899159443E}.Debug|Mixed Platforms.ActiveCfg = Debug|x86
		{1EA8E847-1D37-4217-8F2B-1A899159443E}.Debug|Mixed Platforms.Build.0 = Debug|x86
		{1EA8E847-1D37-4217-8F2B-1A899159443E}.Debug|Mixed Platforms.Deploy.0 = Debug|x86
		{1EA8E847-1D37-4217-8F2B-1A899159443E}.Debug|Windows Phone.ActiveCfg = Debug|x86
		{1EA8E847-1D37-4217-8F2B-1A899159443E}.Debug|Windows Phone.Build.0 = Debug|x86
		{1EA8E847-1D37-4217-8F2B-1A899159443E}.Debug|Windows Phone.Deploy.0 = Debug|x86
		{1EA8E847-1D37-4217-8F2B-1A899159443E}.Debug|x86.ActiveCfg = Debug|x86
		{1EA8E847-1D37-4217-8F2B-1A899159443E}.Debug|x86.Build.0 = Debug|x86
		{1EA8E847-1D37-4217-8F2B-1A899159443E}.Debug|x86.Deploy.0 = Debug|x86
		{1EA8E847-1D37-4217-8F2B-1A899159443E}.Release|Android.ActiveCfg = Release|x86
		{1EA8E847-1D37-4217-8F2B-1A899159443E}.Release|Android.Build.0 = Release|x86
		{1EA8E847-1D37-4217-8F2B-1A899159443E}.Release|Android.Deploy.0 = Release|x86
		{1EA8E847-1D37-4217-8F2B-1A899159443E}.Release|Any CPU.ActiveCfg = Release|Any CPU
		{1EA8E847-1D37-4217-8F2B-1A899159443E}.Release|Any CPU.Build.0 = Release|Any CPU
		{1EA8E847-1D37-4217-8F2B-1A899159443E}.Release|Any CPU.Deploy.0 = Release|Any CPU
		{1EA8E847-1D37-4217-8F2B-1A899159443E}.Release|ARM.ActiveCfg = Release|ARM
		{1EA8E847-1D37-4217-8F2B-1A899159443E}.Release|ARM.Build.0 = Release|ARM
		{1EA8E847-1D37-4217-8F2B-1A899159443E}.Release|ARM.Deploy.0 = Release|ARM
		{1EA8E847-1D37-4217-8F2B-1A899159443E}.Release|iPhone.ActiveCfg = Release|Any CPU
		{1EA8E847-1D37-4217-8F2B-1A899159443E}.Release|iPhoneSimulator.ActiveCfg = Release|Any CPU
		{1EA8E847-1D37-4217-8F2B-1A899159443E}.Release|Mixed Platforms.ActiveCfg = Release|x86
		{1EA8E847-1D37-4217-8F2B-1A899159443E}.Release|Mixed Platforms.Build.0 = Release|x86
		{1EA8E847-1D37-4217-8F2B-1A899159443E}.Release|Mixed Platforms.Deploy.0 = Release|x86
		{1EA8E847-1D37-4217-8F2B-1A899159443E}.Release|Windows Phone.ActiveCfg = Release|x86
		{1EA8E847-1D37-4217-8F2B-1A899159443E}.Release|Windows Phone.Build.0 = Release|x86
		{1EA8E847-1D37-4217-8F2B-1A899159443E}.Release|Windows Phone.Deploy.0 = Release|x86
		{1EA8E847-1D37-4217-8F2B-1A899159443E}.Release|x86.ActiveCfg = Release|x86
		{1EA8E847-1D37-4217-8F2B-1A899159443E}.Release|x86.Build.0 = Release|x86
		{1EA8E847-1D37-4217-8F2B-1A899159443E}.Release|x86.Deploy.0 = Release|x86
	EndGlobalSection
	GlobalSection(SolutionProperties) = preSolution
		HideSolutionNode = FALSE
	EndGlobalSection
EndGlobal
